# This file is automatically @generated by Cargo.
# It is not intended for manual editing.
[[package]]
name = "id-cache"
version = "0.1.0"
source = "git+https://github.com/MrShiposha/id-cache.git#9e1496d98a8bf6e9820daf7e94c5fa7a0d33ffc8"

[[package]]
name = "mcrr-tree"
version = "0.1.0"
dependencies = [
 "id-cache",
]
